
Microsoft Visual Studio Solution File, Format Version 12.00
# Visual Studio 15
VisualStudioVersion = 15.0.27130.2010
MinimumVisualStudioVersion = 10.0.40219.1
Project("{FAE04EC0-301F-11D3-BF4B-00C04F79EFBC}") = "Exercisies1", "Exercisies1\Exercisies1.csproj", "{A0329693-4A19-4E91-A0A0-94915D66F40A}"
EndProject
Project("{FAE04EC0-301F-11D3-BF4B-00C04F79EFBC}") = "cwiczenie2", "cwiczenie2\cwiczenie2.csproj", "{037F7F9C-A57F-4B8C-95AD-F3469570DCD3}"
EndProject
Project("{FAE04EC0-301F-11D3-BF4B-00C04F79EFBC}") = "cwiczenie3", "cwiczenie3\cwiczenie3.csproj", "{2AB346A8-BC47-4E30-8B8B-2A5BBE7096C8}"
EndProject
Project("{FAE04EC0-301F-11D3-BF4B-00C04F79EFBC}") = "cwiczenie4SpeedLimit", "cwiczenie4SpeedLimit\cwiczenie4SpeedLimit.csproj", "{BFD5DCF2-BD5B-4A18-8F74-C91D8DAD7E29}"
EndProject
Project("{FAE04EC0-301F-11D3-BF4B-00C04F79EFBC}") = "Loops", "Loops\Loops.csproj", "{73DC98DC-116D-47C7-ACB3-838E608DDD1F}"
EndProject
Project("{FAE04EC0-301F-11D3-BF4B-00C04F79EFBC}") = "Random", "Random\Random.csproj", "{A4A05B25-CB50-4C95-805E-FC8F8D6DBB29}"
EndProject
Project("{FAE04EC0-301F-11D3-BF4B-00C04F79EFBC}") = "ControlFlowCw1", "ControlFlowCw1\ControlFlowCw1.csproj", "{655ECA5E-B945-43C7-8185-882CA8810E71}"
EndProject
Project("{FAE04EC0-301F-11D3-BF4B-00C04F79EFBC}") = "ControlFlowCw2", "ControlFlowCw2\ControlFlowCw2.csproj", "{907510F2-0E63-4EE8-ABFE-753DF2CAFB70}"
EndProject
Project("{FAE04EC0-301F-11D3-BF4B-00C04F79EFBC}") = "ControlFlowCw3", "ControlFlowCw3\ControlFlowCw3.csproj", "{904488A0-EB94-4BFF-BF2C-4470B2C9B2A5}"
EndProject
Project("{FAE04EC0-301F-11D3-BF4B-00C04F79EFBC}") = "ControlFlowCw4", "ControlFlowCw4\ControlFlowCw4.csproj", "{B4C78650-203F-4D4F-A595-F70FA19E79EC}"
EndProject
Project("{FAE04EC0-301F-11D3-BF4B-00C04F79EFBC}") = "ControlFlowCw5", "ControlFlowCw5\ControlFlowCw5.csproj", "{7D415120-BF1F-4EF5-81F0-3B6C0942A606}"
EndProject
Global
	GlobalSection(SolutionConfigurationPlatforms) = preSolution
		Debug|Any CPU = Debug|Any CPU
		Release|Any CPU = Release|Any CPU
	EndGlobalSection
	GlobalSection(ProjectConfigurationPlatforms) = postSolution
		{A0329693-4A19-4E91-A0A0-94915D66F40A}.Debug|Any CPU.ActiveCfg = Debug|Any CPU
		{A0329693-4A19-4E91-A0A0-94915D66F40A}.Debug|Any CPU.Build.0 = Debug|Any CPU
		{A0329693-4A19-4E91-A0A0-94915D66F40A}.Release|Any CPU.ActiveCfg = Release|Any CPU
		{A0329693-4A19-4E91-A0A0-94915D66F40A}.Release|Any CPU.Build.0 = Release|Any CPU
		{037F7F9C-A57F-4B8C-95AD-F3469570DCD3}.Debug|Any CPU.ActiveCfg = Debug|Any CPU
		{037F7F9C-A57F-4B8C-95AD-F3469570DCD3}.Debug|Any CPU.Build.0 = Debug|Any CPU
		{037F7F9C-A57F-4B8C-95AD-F3469570DCD3}.Release|Any CPU.ActiveCfg = Release|Any CPU
		{037F7F9C-A57F-4B8C-95AD-F3469570DCD3}.Release|Any CPU.Build.0 = Release|Any CPU
		{2AB346A8-BC47-4E30-8B8B-2A5BBE7096C8}.Debug|Any CPU.ActiveCfg = Debug|Any CPU
		{2AB346A8-BC47-4E30-8B8B-2A5BBE7096C8}.Debug|Any CPU.Build.0 = Debug|Any CPU
		{2AB346A8-BC47-4E30-8B8B-2A5BBE7096C8}.Release|Any CPU.ActiveCfg = Release|Any CPU
		{2AB346A8-BC47-4E30-8B8B-2A5BBE7096C8}.Release|Any CPU.Build.0 = Release|Any CPU
		{BFD5DCF2-BD5B-4A18-8F74-C91D8DAD7E29}.Debug|Any CPU.ActiveCfg = Debug|Any CPU
		{BFD5DCF2-BD5B-4A18-8F74-C91D8DAD7E29}.Debug|Any CPU.Build.0 = Debug|Any CPU
		{BFD5DCF2-BD5B-4A18-8F74-C91D8DAD7E29}.Release|Any CPU.ActiveCfg = Release|Any CPU
		{BFD5DCF2-BD5B-4A18-8F74-C91D8DAD7E29}.Release|Any CPU.Build.0 = Release|Any CPU
		{73DC98DC-116D-47C7-ACB3-838E608DDD1F}.Debug|Any CPU.ActiveCfg = Debug|Any CPU
		{73DC98DC-116D-47C7-ACB3-838E608DDD1F}.Debug|Any CPU.Build.0 = Debug|Any CPU
		{73DC98DC-116D-47C7-ACB3-838E608DDD1F}.Release|Any CPU.ActiveCfg = Release|Any CPU
		{73DC98DC-116D-47C7-ACB3-838E608DDD1F}.Release|Any CPU.Build.0 = Release|Any CPU
		{A4A05B25-CB50-4C95-805E-FC8F8D6DBB29}.Debug|Any CPU.ActiveCfg = Debug|Any CPU
		{A4A05B25-CB50-4C95-805E-FC8F8D6DBB29}.Debug|Any CPU.Build.0 = Debug|Any CPU
		{A4A05B25-CB50-4C95-805E-FC8F8D6DBB29}.Release|Any CPU.ActiveCfg = Release|Any CPU
		{A4A05B25-CB50-4C95-805E-FC8F8D6DBB29}.Release|Any CPU.Build.0 = Release|Any CPU
		{655ECA5E-B945-43C7-8185-882CA8810E71}.Debug|Any CPU.ActiveCfg = Debug|Any CPU
		{655ECA5E-B945-43C7-8185-882CA8810E71}.Debug|Any CPU.Build.0 = Debug|Any CPU
		{655ECA5E-B945-43C7-8185-882CA8810E71}.Release|Any CPU.ActiveCfg = Release|Any CPU
		{655ECA5E-B945-43C7-8185-882CA8810E71}.Release|Any CPU.Build.0 = Release|Any CPU
		{907510F2-0E63-4EE8-ABFE-753DF2CAFB70}.Debug|Any CPU.ActiveCfg = Debug|Any CPU
		{907510F2-0E63-4EE8-ABFE-753DF2CAFB70}.Debug|Any CPU.Build.0 = Debug|Any CPU
		{907510F2-0E63-4EE8-ABFE-753DF2CAFB70}.Release|Any CPU.ActiveCfg = Release|Any CPU
		{907510F2-0E63-4EE8-ABFE-753DF2CAFB70}.Release|Any CPU.Build.0 = Release|Any CPU
		{904488A0-EB94-4BFF-BF2C-4470B2C9B2A5}.Debug|Any CPU.ActiveCfg = Debug|Any CPU
		{904488A0-EB94-4BFF-BF2C-4470B2C9B2A5}.Debug|Any CPU.Build.0 = Debug|Any CPU
		{904488A0-EB94-4BFF-BF2C-4470B2C9B2A5}.Release|Any CPU.ActiveCfg = Release|Any CPU
		{904488A0-EB94-4BFF-BF2C-4470B2C9B2A5}.Release|Any CPU.Build.0 = Release|Any CPU
		{B4C78650-203F-4D4F-A595-F70FA19E79EC}.Debug|Any CPU.ActiveCfg = Debug|Any CPU
		{B4C78650-203F-4D4F-A595-F70FA19E79EC}.Debug|Any CPU.Build.0 = Debug|Any CPU
		{B4C78650-203F-4D4F-A595-F70FA19E79EC}.Release|Any CPU.ActiveCfg = Release|Any CPU
		{B4C78650-203F-4D4F-A595-F70FA19E79EC}.Release|Any CPU.Build.0 = Release|Any CPU
		{7D415120-BF1F-4EF5-81F0-3B6C0942A606}.Debug|Any CPU.ActiveCfg = Debug|Any CPU
		{7D415120-BF1F-4EF5-81F0-3B6C0942A606}.Debug|Any CPU.Build.0 = Debug|Any CPU
		{7D415120-BF1F-4EF5-81F0-3B6C0942A606}.Release|Any CPU.ActiveCfg = Release|Any CPU
		{7D415120-BF1F-4EF5-81F0-3B6C0942A606}.Release|Any CPU.Build.0 = Release|Any CPU
	EndGlobalSection
	GlobalSection(SolutionProperties) = preSolution
		HideSolutionNode = FALSE
	EndGlobalSection
	GlobalSection(ExtensibilityGlobals) = postSolution
		SolutionGuid = {C115BC79-D4DB-4A8D-AA6E-44C08E16FD51}
	EndGlobalSection
EndGlobal
